Microsoft Visual Studio Solution File, Format Version 11.00
# Visual Studio 2010
Project("{FAE04EC0-301F-11D3-BF4B-00C04F79EFBC}") = "AsmdefResponse", "AsmdefResponse.csproj", "{D36B00F7-2E4B-F87F-89C3-76D0B42E4A56}"
EndProject
Project("{FAE04EC0-301F-11D3-BF4B-00C04F79EFBC}") = "AsmdefResponse2", "AsmdefResponse2.csproj", "{2632E935-88CE-F7A9-B390-275E727A24FA}"
EndProject
Project("{FAE04EC0-301F-11D3-BF4B-00C04F79EFBC}") = "Assembly-CSharp", "Assembly-CSharp.csproj", "{9B2EF79A-BE43-4737-F858-D452B0BC63F1}"
EndProject
Project("{FAE04EC0-301F-11D3-BF4B-00C04F79EFBC}") = "Assembly-CSharp-Editor", "Assembly-CSharp-Editor.csproj", "{816CB4F7-24A2-D043-5211-75DA5E2C9CCC}"
EndProject
Global
	GlobalSection(SolutionConfigurationPlatforms) = preSolution
		Debug|Any CPU = Debug|Any CPU
		Release|Any CPU = Release|Any CPU
	EndGlobalSection
	GlobalSection(ProjectConfigurationPlatforms) = postSolution
		{D36B00F7-2E4B-F87F-89C3-76D0B42E4A56}.Debug|Any CPU.ActiveCfg = Debug|Any CPU
		{D36B00F7-2E4B-F87F-89C3-76D0B42E4A56}.Debug|Any CPU.Build.0 = Debug|Any CPU
		{D36B00F7-2E4B-F87F-89C3-76D0B42E4A56}.Release|Any CPU.ActiveCfg = Release|Any CPU
		{D36B00F7-2E4B-F87F-89C3-76D0B42E4A56}.Release|Any CPU.Build.0 = Release|Any CPU
		{2632E935-88CE-F7A9-B390-275E727A24FA}.Debug|Any CPU.ActiveCfg = Debug|Any CPU
		{2632E935-88CE-F7A9-B390-275E727A24FA}.Debug|Any CPU.Build.0 = Debug|Any CPU
		{2632E935-88CE-F7A9-B390-275E727A24FA}.Release|Any CPU.ActiveCfg = Release|Any CPU
		{2632E935-88CE-F7A9-B390-275E727A24FA}.Release|Any CPU.Build.0 = Release|Any CPU
		{9B2EF79A-BE43-4737-F858-D452B0BC63F1}.Debug|Any CPU.ActiveCfg = Debug|Any CPU
		{9B2EF79A-BE43-4737-F858-D452B0BC63F1}.Debug|Any CPU.Build.0 = Debug|Any CPU
		{9B2EF79A-BE43-4737-F858-D452B0BC63F1}.Release|Any CPU.ActiveCfg = Release|Any CPU
		{9B2EF79A-BE43-4737-F858-D452B0BC63F1}.Release|Any CPU.Build.0 = Release|Any CPU
		{816CB4F7-24A2-D043-5211-75DA5E2C9CCC}.Debug|Any CPU.ActiveCfg = Debug|Any CPU
		{816CB4F7-24A2-D043-5211-75DA5E2C9CCC}.Debug|Any CPU.Build.0 = Debug|Any CPU
		{816CB4F7-24A2-D043-5211-75DA5E2C9CCC}.Release|Any CPU.ActiveCfg = Release|Any CPU
		{816CB4F7-24A2-D043-5211-75DA5E2C9CCC}.Release|Any CPU.Build.0 = Release|Any CPU
	EndGlobalSection
	GlobalSection(SolutionProperties) = preSolution
		HideSolutionNode = FALSE
	EndGlobalSection
EndGlobal
