
Microsoft Visual Studio Solution File, Format Version 12.00
Project("{FAE04EC0-301F-11D3-BF4B-00C04F79EFBC}") = "Yaml", "src\Yaml.csproj", "{4DE4F948-B8C2-4053-905F-95A2E25C3278}"
EndProject
Project("{FAE04EC0-301F-11D3-BF4B-00C04F79EFBC}") = "Yaml.Tests", "test\src\Yaml.Tests.csproj", "{CF6386EA-6804-4052-AEC3-F7F47B822F9A}"
EndProject
Global
	GlobalSection(SolutionConfigurationPlatforms) = preSolution
		Debug|Any CPU = Debug|Any CPU
		Release|Any CPU = Release|Any CPU
	EndGlobalSection
	GlobalSection(ProjectConfigurationPlatforms) = postSolution
		{4DE4F948-B8C2-4053-905F-95A2E25C3278}.Debug|Any CPU.ActiveCfg = Debug|Any CPU
		{4DE4F948-B8C2-4053-905F-95A2E25C3278}.Debug|Any CPU.Build.0 = Debug|Any CPU
		{4DE4F948-B8C2-4053-905F-95A2E25C3278}.Release|Any CPU.ActiveCfg = Release|Any CPU
		{4DE4F948-B8C2-4053-905F-95A2E25C3278}.Release|Any CPU.Build.0 = Release|Any CPU
		{CF6386EA-6804-4052-AEC3-F7F47B822F9A}.Debug|Any CPU.ActiveCfg = Debug|Any CPU
		{CF6386EA-6804-4052-AEC3-F7F47B822F9A}.Debug|Any CPU.Build.0 = Debug|Any CPU
		{CF6386EA-6804-4052-AEC3-F7F47B822F9A}.Release|Any CPU.ActiveCfg = Release|Any CPU
		{CF6386EA-6804-4052-AEC3-F7F47B822F9A}.Release|Any CPU.Build.0 = Release|Any CPU
	EndGlobalSection
EndGlobal
