
Microsoft Visual Studio Solution File, Format Version 12.00
Project("{FAE04EC0-301F-11D3-BF4B-00C04F79EFBC}") = "Test003", "Test003\Test003.csproj", "{77FE0146-D0B7-4635-978F-CE11A8140DE5}"
EndProject
Global
	GlobalSection(SolutionConfigurationPlatforms) = preSolution
		Debug|Any CPU = Debug|Any CPU
		Release|Any CPU = Release|Any CPU
	EndGlobalSection
	GlobalSection(ProjectConfigurationPlatforms) = postSolution
		{77FE0146-D0B7-4635-978F-CE11A8140DE5}.Debug|Any CPU.ActiveCfg = Debug|Any CPU
		{77FE0146-D0B7-4635-978F-CE11A8140DE5}.Debug|Any CPU.Build.0 = Debug|Any CPU
		{77FE0146-D0B7-4635-978F-CE11A8140DE5}.Release|Any CPU.ActiveCfg = Release|Any CPU
		{77FE0146-D0B7-4635-978F-CE11A8140DE5}.Release|Any CPU.Build.0 = Release|Any CPU
	EndGlobalSection
EndGlobal
