
Microsoft Visual Studio Solution File, Format Version 11.00
# Visual Studio 2010
Project("{FAE04EC0-301F-11D3-BF4B-00C04F79EFBC}") = "ScriptsAssembly", "ScriptsAssembly.csproj", "{bdc917e1-5ebe-2845-6044-17db3a4e0211}"
EndProject
Project("{FAE04EC0-301F-11D3-BF4B-00C04F79EFBC}") = "Assembly-CSharp", "Assembly-CSharp.csproj", "{0db2221e-f537-2f78-93e4-e8232cb3703c}"
EndProject
Project("{FAE04EC0-301F-11D3-BF4B-00C04F79EFBC}") = "PlayMode", "PlayMode.csproj", "{e5ee02fb-f94b-bfbb-facd-43c550831bfe}"
EndProject
Project("{FAE04EC0-301F-11D3-BF4B-00C04F79EFBC}") = "EditMode", "EditMode.csproj", "{8ca64910-0c68-5794-9343-bea23f94a709}"
EndProject
Project("{FAE04EC0-301F-11D3-BF4B-00C04F79EFBC}") = "Assembly-CSharp-Editor", "Assembly-CSharp-Editor.csproj", "{e95cee00-75af-00dc-2e31-f1102589d276}"
EndProject
Global
	GlobalSection(SolutionConfigurationPlatforms) = preSolution
		Debug|Any CPU = Debug|Any CPU
	EndGlobalSection
	GlobalSection(ProjectConfigurationPlatforms) = postSolution
		{bdc917e1-5ebe-2845-6044-17db3a4e0211}.Debug|Any CPU.ActiveCfg = Debug|Any CPU
		{bdc917e1-5ebe-2845-6044-17db3a4e0211}.Debug|Any CPU.Build.0 = Debug|Any CPU
		{0db2221e-f537-2f78-93e4-e8232cb3703c}.Debug|Any CPU.ActiveCfg = Debug|Any CPU
		{0db2221e-f537-2f78-93e4-e8232cb3703c}.Debug|Any CPU.Build.0 = Debug|Any CPU
		{e5ee02fb-f94b-bfbb-facd-43c550831bfe}.Debug|Any CPU.ActiveCfg = Debug|Any CPU
		{e5ee02fb-f94b-bfbb-facd-43c550831bfe}.Debug|Any CPU.Build.0 = Debug|Any CPU
		{8ca64910-0c68-5794-9343-bea23f94a709}.Debug|Any CPU.ActiveCfg = Debug|Any CPU
		{8ca64910-0c68-5794-9343-bea23f94a709}.Debug|Any CPU.Build.0 = Debug|Any CPU
		{e95cee00-75af-00dc-2e31-f1102589d276}.Debug|Any CPU.ActiveCfg = Debug|Any CPU
		{e95cee00-75af-00dc-2e31-f1102589d276}.Debug|Any CPU.Build.0 = Debug|Any CPU
	EndGlobalSection
	GlobalSection(SolutionProperties) = preSolution
		HideSolutionNode = FALSE
	EndGlobalSection
EndGlobal
