
Microsoft Visual Studio Solution File, Format Version 11.00
# Visual Studio 2010
Project("{FAE04EC0-301F-11D3-BF4B-00C04F79EFBC}") = "AsmdefResponse", "AsmdefResponse.csproj", "{b08f22b1-6abf-b9fe-cbd9-55069a3bb183}"
EndProject
Project("{FAE04EC0-301F-11D3-BF4B-00C04F79EFBC}") = "Assembly-CSharp", "Assembly-CSharp.csproj", "{bc25e7c9-9778-845a-8b79-9986fd89fca3}"
EndProject
Project("{FAE04EC0-301F-11D3-BF4B-00C04F79EFBC}") = "AsmdefResponse2", "AsmdefResponse2.csproj", "{6a4cb01d-7c20-2197-5e4f-18baced33b4c}"
EndProject
Project("{FAE04EC0-301F-11D3-BF4B-00C04F79EFBC}") = "Assembly-CSharp-Editor", "Assembly-CSharp-Editor.csproj", "{e2c1fd99-216e-c7b7-c259-3e806e061149}"
EndProject
Project("{FAE04EC0-301F-11D3-BF4B-00C04F79EFBC}") = "AsmdefResponse", "AsmdefResponse.Player.csproj", "{fc62060a-38f3-577f-0dd8-3216058a851a}"
EndProject
Project("{FAE04EC0-301F-11D3-BF4B-00C04F79EFBC}") = "Assembly-CSharp", "Assembly-CSharp.Player.csproj", "{19edc353-f898-af3f-3b08-29376e9ca316}"
EndProject
Project("{FAE04EC0-301F-11D3-BF4B-00C04F79EFBC}") = "AsmdefResponse2", "AsmdefResponse2.Player.csproj", "{e9c6d910-89ee-7e42-c254-760ef0110d67}"
EndProject
Global
	GlobalSection(SolutionConfigurationPlatforms) = preSolution
		Debug|Any CPU = Debug|Any CPU
		Release|Any CPU = Release|Any CPU
	EndGlobalSection
	GlobalSection(ProjectConfigurationPlatforms) = postSolution
		{b08f22b1-6abf-b9fe-cbd9-55069a3bb183}.Debug|Any CPU.ActiveCfg = Debug|Any CPU
		{b08f22b1-6abf-b9fe-cbd9-55069a3bb183}.Debug|Any CPU.Build.0 = Debug|Any CPU
		{b08f22b1-6abf-b9fe-cbd9-55069a3bb183}.Release|Any CPU.ActiveCfg = Release|Any CPU
		{b08f22b1-6abf-b9fe-cbd9-55069a3bb183}.Release|Any CPU.Build.0 = Release|Any CPU
		{bc25e7c9-9778-845a-8b79-9986fd89fca3}.Debug|Any CPU.ActiveCfg = Debug|Any CPU
		{bc25e7c9-9778-845a-8b79-9986fd89fca3}.Debug|Any CPU.Build.0 = Debug|Any CPU
		{bc25e7c9-9778-845a-8b79-9986fd89fca3}.Release|Any CPU.ActiveCfg = Release|Any CPU
		{bc25e7c9-9778-845a-8b79-9986fd89fca3}.Release|Any CPU.Build.0 = Release|Any CPU
		{6a4cb01d-7c20-2197-5e4f-18baced33b4c}.Debug|Any CPU.ActiveCfg = Debug|Any CPU
		{6a4cb01d-7c20-2197-5e4f-18baced33b4c}.Debug|Any CPU.Build.0 = Debug|Any CPU
		{6a4cb01d-7c20-2197-5e4f-18baced33b4c}.Release|Any CPU.ActiveCfg = Release|Any CPU
		{6a4cb01d-7c20-2197-5e4f-18baced33b4c}.Release|Any CPU.Build.0 = Release|Any CPU
		{e2c1fd99-216e-c7b7-c259-3e806e061149}.Debug|Any CPU.ActiveCfg = Debug|Any CPU
		{e2c1fd99-216e-c7b7-c259-3e806e061149}.Debug|Any CPU.Build.0 = Debug|Any CPU
		{e2c1fd99-216e-c7b7-c259-3e806e061149}.Release|Any CPU.ActiveCfg = Release|Any CPU
		{e2c1fd99-216e-c7b7-c259-3e806e061149}.Release|Any CPU.Build.0 = Release|Any CPU
		{fc62060a-38f3-577f-0dd8-3216058a851a}.Debug|Any CPU.ActiveCfg = Debug|Any CPU
		{fc62060a-38f3-577f-0dd8-3216058a851a}.Debug|Any CPU.Build.0 = Debug|Any CPU
		{fc62060a-38f3-577f-0dd8-3216058a851a}.Release|Any CPU.ActiveCfg = Release|Any CPU
		{fc62060a-38f3-577f-0dd8-3216058a851a}.Release|Any CPU.Build.0 = Release|Any CPU
		{19edc353-f898-af3f-3b08-29376e9ca316}.Debug|Any CPU.ActiveCfg = Debug|Any CPU
		{19edc353-f898-af3f-3b08-29376e9ca316}.Debug|Any CPU.Build.0 = Debug|Any CPU
		{19edc353-f898-af3f-3b08-29376e9ca316}.Release|Any CPU.ActiveCfg = Release|Any CPU
		{19edc353-f898-af3f-3b08-29376e9ca316}.Release|Any CPU.Build.0 = Release|Any CPU
		{e9c6d910-89ee-7e42-c254-760ef0110d67}.Debug|Any CPU.ActiveCfg = Debug|Any CPU
		{e9c6d910-89ee-7e42-c254-760ef0110d67}.Debug|Any CPU.Build.0 = Debug|Any CPU
		{e9c6d910-89ee-7e42-c254-760ef0110d67}.Release|Any CPU.ActiveCfg = Release|Any CPU
		{e9c6d910-89ee-7e42-c254-760ef0110d67}.Release|Any CPU.Build.0 = Release|Any CPU
	EndGlobalSection
	GlobalSection(SolutionProperties) = preSolution
		HideSolutionNode = FALSE
	EndGlobalSection
EndGlobal
