# Please commit this file, it's crucial for tests stability. Even if you believe it's not yours, it still needs to be committed.
# Input (NuGetFramework=net40):
# JetBrains.Annotations [2025.2.0]
# JetBrains.Resharper.Unity.TestDataLibs [2019.4.0, 2019.4.0.2147483647]
JetBrains.Annotations 2025.2.0
JetBrains.Resharper.Unity.TestDataLibs 2019.4.0