Microsoft Visual Studio Solution File, Format Version 11.00
# Visual Studio 2010
Project("{FAE04EC0-301F-11D3-BF4B-00C04F79EFBC}") = "EditorPlugin", "EditorPlugin\EditorPlugin.csproj", "{67CFB019-CE94-4251-8C3A-4DC70E4E4A51}"
EndProject
Project("{FAE04EC0-301F-11D3-BF4B-00C04F79EFBC}") = "EditorPlugin.Tests", "EditorPlugin.Tests\EditorPlugin.Tests.csproj", "{0E4211DB-DA60-416B-A13C-14D45410F768}"
EndProject
Project("{FAE04EC0-301F-11D3-BF4B-00C04F79EFBC}") = "EditorPlugin.5.5.0f3", "EditorPlugin\EditorPlugin.5.5.0f3.csproj", "{67CFB019-CE94-4251-8C3A-4DC70E4E4A53}"
EndProject
Project("{FAE04EC0-301F-11D3-BF4B-00C04F79EFBC}") = "EditorPluginFull", "EditorPlugin\EditorPluginFull.csproj", "{C882D995-40E6-48C6-AEA6-E7E74F5CD385}"
EndProject
Global
	GlobalSection(SolutionConfigurationPlatforms) = preSolution
		Debug|Any CPU = Debug|Any CPU
		Release|Any CPU = Release|Any CPU
	EndGlobalSection
	GlobalSection(ProjectConfigurationPlatforms) = postSolution
		{67CFB019-CE94-4251-8C3A-4DC70E4E4A53}.Debug|Any CPU.ActiveCfg = Debug|Any CPU
		{67CFB019-CE94-4251-8C3A-4DC70E4E4A53}.Debug|Any CPU.Build.0 = Debug|Any CPU
		{67CFB019-CE94-4251-8C3A-4DC70E4E4A53}.Release|Any CPU.ActiveCfg = Release|Any CPU
		{67CFB019-CE94-4251-8C3A-4DC70E4E4A53}.Release|Any CPU.Build.0 = Release|Any CPU
		{67CFB019-CE94-4251-8C3A-4DC70E4E4A51}.Debug|Any CPU.ActiveCfg = Debug|Any CPU
		{67CFB019-CE94-4251-8C3A-4DC70E4E4A51}.Debug|Any CPU.Build.0 = Debug|Any CPU
		{67CFB019-CE94-4251-8C3A-4DC70E4E4A51}.Release|Any CPU.ActiveCfg = Release|Any CPU
		{67CFB019-CE94-4251-8C3A-4DC70E4E4A51}.Release|Any CPU.Build.0 = Release|Any CPU
		{0E4211DB-DA60-416B-A13C-14D45410F768}.Debug|Any CPU.ActiveCfg = Debug|Any CPU
		{0E4211DB-DA60-416B-A13C-14D45410F768}.Debug|Any CPU.Build.0 = Debug|Any CPU
		{0E4211DB-DA60-416B-A13C-14D45410F768}.Release|Any CPU.ActiveCfg = Release|Any CPU
		{0E4211DB-DA60-416B-A13C-14D45410F768}.Release|Any CPU.Build.0 = Release|Any CPU
		{C882D995-40E6-48C6-AEA6-E7E74F5CD385}.Debug|Any CPU.ActiveCfg = Debug|Any CPU
				{C882D995-40E6-48C6-AEA6-E7E74F5CD385}.Debug|Any CPU.Build.0 = Debug|Any CPU
				{C882D995-40E6-48C6-AEA6-E7E74F5CD385}.Release|Any CPU.ActiveCfg = Release|Any CPU
				{C882D995-40E6-48C6-AEA6-E7E74F5CD385}.Release|Any CPU.Build.0 = Release|Any CPU
	EndGlobalSection
EndGlobal
