Microsoft Visual Studio Solution File, Format Version 11.00
# Visual Studio 2010
Project("{FAE04EC0-301F-11D3-BF4B-00C04F79EFBC}") = "EditorPlugin.Tests", "EditorPlugin.Tests\EditorPlugin.Tests.csproj", "{0E4211DB-DA60-416B-A13C-14D45410F768}"
EndProject
Project("{FAE04EC0-301F-11D3-BF4B-00C04F79EFBC}") = "EditorPlugin.SinceUnity.2019.2", "EditorPlugin\EditorPlugin.SinceUnity.2019.2.csproj", "{BB3DDF6A-599F-44D2-94D1-EE43CE4FA2FA}"
EndProject
Project("{FAE04EC0-301F-11D3-BF4B-00C04F79EFBC}") = "PathLocator", "PathLocator\PathLocator.csproj", "{4528C456-6A70-43EA-982B-8269B591A6C9}"
EndProject
Project("{FAE04EC0-301F-11D3-BF4B-00C04F79EFBC}") = "EditorPlugin.SinceUnity.CorCLR", "EditorPlugin\EditorPlugin.SinceUnity.CorCLR.csproj", "{11833F0F-EECB-43C4-A2B2-F3596466BC85}"
EndProject
Global
	GlobalSection(SolutionConfigurationPlatforms) = preSolution
		Debug|Any CPU = Debug|Any CPU
		Release|Any CPU = Release|Any CPU
	EndGlobalSection
	GlobalSection(ProjectConfigurationPlatforms) = postSolution
		{0E4211DB-DA60-416B-A13C-14D45410F768}.Debug|Any CPU.ActiveCfg = Debug|Any CPU
		{0E4211DB-DA60-416B-A13C-14D45410F768}.Debug|Any CPU.Build.0 = Debug|Any CPU
		{0E4211DB-DA60-416B-A13C-14D45410F768}.Release|Any CPU.ActiveCfg = Release|Any CPU
		{0E4211DB-DA60-416B-A13C-14D45410F768}.Release|Any CPU.Build.0 = Release|Any CPU
		{BB3DDF6A-599F-44D2-94D1-EE43CE4FA2FA}.Debug|Any CPU.ActiveCfg = Debug|Any CPU
		{BB3DDF6A-599F-44D2-94D1-EE43CE4FA2FA}.Debug|Any CPU.Build.0 = Debug|Any CPU
		{BB3DDF6A-599F-44D2-94D1-EE43CE4FA2FA}.Release|Any CPU.ActiveCfg = Release|Any CPU
		{BB3DDF6A-599F-44D2-94D1-EE43CE4FA2FA}.Release|Any CPU.Build.0 = Release|Any CPU
		{4528C456-6A70-43EA-982B-8269B591A6C9}.Debug|Any CPU.ActiveCfg = Debug|Any CPU
		{4528C456-6A70-43EA-982B-8269B591A6C9}.Debug|Any CPU.Build.0 = Debug|Any CPU
		{4528C456-6A70-43EA-982B-8269B591A6C9}.Release|Any CPU.ActiveCfg = Release|Any CPU
		{4528C456-6A70-43EA-982B-8269B591A6C9}.Release|Any CPU.Build.0 = Release|Any CPU
		{11833F0F-EECB-43C4-A2B2-F3596466BC85}.Debug|Any CPU.ActiveCfg = Debug|Any CPU
		{11833F0F-EECB-43C4-A2B2-F3596466BC85}.Debug|Any CPU.Build.0 = Debug|Any CPU
		{11833F0F-EECB-43C4-A2B2-F3596466BC85}.Release|Any CPU.ActiveCfg = Release|Any CPU
		{11833F0F-EECB-43C4-A2B2-F3596466BC85}.Release|Any CPU.Build.0 = Release|Any CPU
	EndGlobalSection
EndGlobal
