
Microsoft Visual Studio Solution File, Format Version 12.00
Project("{FAE04EC0-301F-11D3-BF4B-00C04F79EFBC}") = "ListArrayFixedBufferAssemblyTest", "ListArrayFixedBufferAssemblyTest\ListArrayFixedBufferAssemblyTest.csproj", "{5112E075-43A6-4DA4-9B0A-B7B4ED16DEC0}"
EndProject
Global
	GlobalSection(SolutionConfigurationPlatforms) = preSolution
		Debug|Any CPU = Debug|Any CPU
		Release|Any CPU = Release|Any CPU
	EndGlobalSection
	GlobalSection(ProjectConfigurationPlatforms) = postSolution
		{5112E075-43A6-4DA4-9B0A-B7B4ED16DEC0}.Debug|Any CPU.ActiveCfg = Debug|Any CPU
		{5112E075-43A6-4DA4-9B0A-B7B4ED16DEC0}.Debug|Any CPU.Build.0 = Debug|Any CPU
		{5112E075-43A6-4DA4-9B0A-B7B4ED16DEC0}.Release|Any CPU.ActiveCfg = Release|Any CPU
		{5112E075-43A6-4DA4-9B0A-B7B4ED16DEC0}.Release|Any CPU.Build.0 = Release|Any CPU
	EndGlobalSection
EndGlobal
