
Microsoft Visual Studio Solution File, Format Version 12.00
# Visual Studio 15
VisualStudioVersion = 15.0.26403.7
MinimumVisualStudioVersion = 10.0.40219.1
Project("{9A19103F-16F7-4668-BE54-9A1E7A4F7556}") = "ApiParser", "apiParser\src\ApiParser.csproj", "{D71C4B2E-8A62-4FCD-92EC-16C6069D16B0}"
EndProject
Project("{9A19103F-16F7-4668-BE54-9A1E7A4F7556}") = "ApiParserTest", "apiParser\test\ApiParserTest.csproj", "{55B304B3-5F66-4702-8119-21724F5F4060}"
EndProject
Project("{2150E333-8FDC-42A3-9474-1A3956D46DE8}") = "ApiParser", "ApiParser", "{AB8B6283-87A4-479C-BF73-B77840D7057E}"
EndProject
Project("{FAE04EC0-301F-11D3-BF4B-00C04F79EFBC}") = "testLibNupkgGenerator", "testLibNupkgGenerator\TestLibNupkgGenerator.csproj", "{66AB4DAE-0961-4FC3-83AE-E8465ED19D2B}"
EndProject
Global
	GlobalSection(SolutionConfigurationPlatforms) = preSolution
		Debug|Any CPU = Debug|Any CPU
		Release|Any CPU = Release|Any CPU
	EndGlobalSection
	GlobalSection(ProjectConfigurationPlatforms) = postSolution
		{D71C4B2E-8A62-4FCD-92EC-16C6069D16B0}.Debug|Any CPU.ActiveCfg = Debug|Any CPU
		{D71C4B2E-8A62-4FCD-92EC-16C6069D16B0}.Debug|Any CPU.Build.0 = Debug|Any CPU
		{D71C4B2E-8A62-4FCD-92EC-16C6069D16B0}.Release|Any CPU.ActiveCfg = Release|Any CPU
		{D71C4B2E-8A62-4FCD-92EC-16C6069D16B0}.Release|Any CPU.Build.0 = Release|Any CPU
		{55B304B3-5F66-4702-8119-21724F5F4060}.Debug|Any CPU.ActiveCfg = Debug|Any CPU
		{55B304B3-5F66-4702-8119-21724F5F4060}.Debug|Any CPU.Build.0 = Debug|Any CPU
		{55B304B3-5F66-4702-8119-21724F5F4060}.Release|Any CPU.ActiveCfg = Release|Any CPU
		{55B304B3-5F66-4702-8119-21724F5F4060}.Release|Any CPU.Build.0 = Release|Any CPU
		{66AB4DAE-0961-4FC3-83AE-E8465ED19D2B}.Debug|Any CPU.ActiveCfg = Debug|Any CPU
		{66AB4DAE-0961-4FC3-83AE-E8465ED19D2B}.Debug|Any CPU.Build.0 = Debug|Any CPU
		{66AB4DAE-0961-4FC3-83AE-E8465ED19D2B}.Release|Any CPU.ActiveCfg = Release|Any CPU
		{66AB4DAE-0961-4FC3-83AE-E8465ED19D2B}.Release|Any CPU.Build.0 = Release|Any CPU
	EndGlobalSection
	GlobalSection(SolutionProperties) = preSolution
		HideSolutionNode = FALSE
	EndGlobalSection
	GlobalSection(NestedProjects) = preSolution
		{D71C4B2E-8A62-4FCD-92EC-16C6069D16B0} = {AB8B6283-87A4-479C-BF73-B77840D7057E}
		{55B304B3-5F66-4702-8119-21724F5F4060} = {AB8B6283-87A4-479C-BF73-B77840D7057E}
	EndGlobalSection
EndGlobal
