
Microsoft Visual Studio Solution File, Format Version 12.00
# Visual Studio Version 17
VisualStudioVersion = 17.1.31911.260
MinimumVisualStudioVersion = 10.0.40219.1
Project("{FAE04EC0-301F-11D3-BF4B-00C04F79EFBC}") = "Assembly-CSharp", "Assembly-CSharp.csproj", "{5A8B2C11-9A3E-4F1D-8E77-0F3A6D4B1C22}"
EndProject
Global
	GlobalSection(SolutionConfigurationPlatforms) = preSolution
		Debug|Any CPU = Debug|Any CPU
		Release|Any CPU = Release|Any CPU
	EndGlobalSection
	GlobalSection(ProjectConfigurationPlatforms) = postSolution
		{5A8B2C11-9A3E-4F1D-8E77-0F3A6D4B1C22}.Debug|Any CPU.ActiveCfg = Debug|Any CPU
		{5A8B2C11-9A3E-4F1D-8E77-0F3A6D4B1C22}.Debug|Any CPU.Build.0 = Debug|Any CPU
		{5A8B2C11-9A3E-4F1D-8E77-0F3A6D4B1C22}.Release|Any CPU.ActiveCfg = Release|Any CPU
		{5A8B2C11-9A3E-4F1D-8E77-0F3A6D4B1C22}.Release|Any CPU.Build.0 = Release|Any CPU
	EndGlobalSection
	GlobalSection(SolutionProperties) = preSolution
		HideSolutionNode = FALSE
	EndGlobalSection
EndGlobal
