
Microsoft Visual Studio Solution File, Format Version 12.00
Project("{FAE04EC0-301F-11D3-BF4B-00C04F79EFBC}") = "GenericClassesAssembly01", "GenericClassesAssembly01\GenericClassesAssembly01.csproj", "{7A7C31BE-EB7B-4E22-9111-E40E8E8BCCE3}"
EndProject
Global
	GlobalSection(SolutionConfigurationPlatforms) = preSolution
		Debug|Any CPU = Debug|Any CPU
		Release|Any CPU = Release|Any CPU
	EndGlobalSection
	GlobalSection(ProjectConfigurationPlatforms) = postSolution
		{7A7C31BE-EB7B-4E22-9111-E40E8E8BCCE3}.Debug|Any CPU.ActiveCfg = Debug|Any CPU
		{7A7C31BE-EB7B-4E22-9111-E40E8E8BCCE3}.Debug|Any CPU.Build.0 = Debug|Any CPU
		{7A7C31BE-EB7B-4E22-9111-E40E8E8BCCE3}.Release|Any CPU.ActiveCfg = Release|Any CPU
		{7A7C31BE-EB7B-4E22-9111-E40E8E8BCCE3}.Release|Any CPU.Build.0 = Release|Any CPU
	EndGlobalSection
EndGlobal
